
Microsoft Visual Studio Solution File, Format Version 12.00
# Visual Studio Version 17
VisualStudioVersion = 17.3.32929.385
MinimumVisualStudioVersion = 10.0.40219.1
Project("{9A19103F-16F7-4668-BE54-9A1E7A4F7556}") = "ArchitechtureEnCoucheBASE", "ArchitechtureEnCoucheBASE\ArchitechtureEnCoucheBASE.csproj", "{A65F0EA2-DA26-4356-AE48-B0175F8DB58D}"
EndProject
Project("{9A19103F-16F7-4668-BE54-9A1E7A4F7556}") = "Core", "DomainLayer\Core.csproj", "{F35DCE63-6C97-42CC-AE9E-BAF57033DD86}"
EndProject
Project("{9A19103F-16F7-4668-BE54-9A1E7A4F7556}") = "Repository", "Repository\Repository.csproj", "{C5A46577-FC14-4EA4-A6A0-3629DB79521D}"
EndProject
Project("{FAE04EC0-301F-11D3-BF4B-00C04F79EFBC}") = "BusinessLogic", "BusinessLogic\BusinessLogic.csproj", "{1ECBA640-F9A3-43DF-88BF-3472D58B871B}"
EndProject
Global
	GlobalSection(SolutionConfigurationPlatforms) = preSolution
		Debug|Any CPU = Debug|Any CPU
		Release|Any CPU = Release|Any CPU
	EndGlobalSection
	GlobalSection(ProjectConfigurationPlatforms) = postSolution
		{A65F0EA2-DA26-4356-AE48-B0175F8DB58D}.Debug|Any CPU.ActiveCfg = Debug|Any CPU
		{A65F0EA2-DA26-4356-AE48-B0175F8DB58D}.Debug|Any CPU.Build.0 = Debug|Any CPU
		{A65F0EA2-DA26-4356-AE48-B0175F8DB58D}.Release|Any CPU.ActiveCfg = Release|Any CPU
		{A65F0EA2-DA26-4356-AE48-B0175F8DB58D}.Release|Any CPU.Build.0 = Release|Any CPU
		{F35DCE63-6C97-42CC-AE9E-BAF57033DD86}.Debug|Any CPU.ActiveCfg = Debug|Any CPU
		{F35DCE63-6C97-42CC-AE9E-BAF57033DD86}.Debug|Any CPU.Build.0 = Debug|Any CPU
		{F35DCE63-6C97-42CC-AE9E-BAF57033DD86}.Release|Any CPU.ActiveCfg = Release|Any CPU
		{F35DCE63-6C97-42CC-AE9E-BAF57033DD86}.Release|Any CPU.Build.0 = Release|Any CPU
		{C5A46577-FC14-4EA4-A6A0-3629DB79521D}.Debug|Any CPU.ActiveCfg = Debug|Any CPU
		{C5A46577-FC14-4EA4-A6A0-3629DB79521D}.Debug|Any CPU.Build.0 = Debug|Any CPU
		{C5A46577-FC14-4EA4-A6A0-3629DB79521D}.Release|Any CPU.ActiveCfg = Release|Any CPU
		{C5A46577-FC14-4EA4-A6A0-3629DB79521D}.Release|Any CPU.Build.0 = Release|Any CPU
		{1ECBA640-F9A3-43DF-88BF-3472D58B871B}.Debug|Any CPU.ActiveCfg = Debug|Any CPU
		{1ECBA640-F9A3-43DF-88BF-3472D58B871B}.Debug|Any CPU.Build.0 = Debug|Any CPU
		{1ECBA640-F9A3-43DF-88BF-3472D58B871B}.Release|Any CPU.ActiveCfg = Release|Any CPU
		{1ECBA640-F9A3-43DF-88BF-3472D58B871B}.Release|Any CPU.Build.0 = Release|Any CPU
	EndGlobalSection
	GlobalSection(SolutionProperties) = preSolution
		HideSolutionNode = FALSE
	EndGlobalSection
	GlobalSection(ExtensibilityGlobals) = postSolution
		SolutionGuid = {13241E84-0F1C-4676-8214-551987D9D2F1}
	EndGlobalSection
EndGlobal
