
Microsoft Visual Studio Solution File, Format Version 12.00
# Visual Studio Version 17
VisualStudioVersion = 17.3.32929.385
MinimumVisualStudioVersion = 10.0.40219.1
Project("{9A19103F-16F7-4668-BE54-9A1E7A4F7556}") = "ArchitechtureEnCoucheBASE", "ArchitechtureEnCoucheBASE\ArchitechtureEnCoucheBASE.csproj", "{A65F0EA2-DA26-4356-AE48-B0175F8DB58D}"
EndProject
Project("{9A19103F-16F7-4668-BE54-9A1E7A4F7556}") = "Core", "DomainLayer\Core.csproj", "{F35DCE63-6C97-42CC-AE9E-BAF57033DD86}"
EndProject
Project("{9A19103F-16F7-4668-BE54-9A1E7A4F7556}") = "Repository", "Repository\Repository.csproj", "{C5A46577-FC14-4EA4-A6A0-3629DB79521D}"
EndProject
Project("{9A19103F-16F7-4668-BE54-9A1E7A4F7556}") = "BusinessLogic", "BusinessLogic\BusinessLogic.csproj", "{1ECBA640-F9A3-43DF-88BF-3472D58B871B}"
EndProject
Project("{9A19103F-16F7-4668-BE54-9A1E7A4F7556}") = "TEST", "TEST\TEST.csproj", "{7BDB76C7-F582-40A0-A994-FB7004FE7AE7}"
EndProject
Project("{9A19103F-16F7-4668-BE54-9A1E7A4F7556}") = "RepositoryDapper", "RepositoryDapper\RepositoryDapper.csproj", "{79565D03-AB38-4739-B64D-F5FB8C9883BD}"
EndProject
Project("{FAE04EC0-301F-11D3-BF4B-00C04F79EFBC}") = "TestCore", "TestCore\TestCore.csproj", "{79A2472D-7263-4614-A053-5CE5C42233B3}"
EndProject
Project("{2150E333-8FDC-42A3-9474-1A3956D46DE8}") = "TEST FOLDER", "TEST FOLDER", "{6AD42B6E-3FEE-4D72-AF1C-60961B953690}"
EndProject
Project("{FAE04EC0-301F-11D3-BF4B-00C04F79EFBC}") = "TestRepository", "TestRepository\TestRepository.csproj", "{FF55CEE5-4620-48EB-9761-35830FE19EBB}"
EndProject
Project("{FAE04EC0-301F-11D3-BF4B-00C04F79EFBC}") = "TestService", "TestService\TestService.csproj", "{53E3E185-6CB0-4F01-9A53-F8B2A8184148}"
EndProject
Project("{FAE04EC0-301F-11D3-BF4B-00C04F79EFBC}") = "TestApi", "TestApi\TestApi.csproj", "{76A69AA0-2159-4A1E-8E88-8E41351DFA41}"
EndProject
Global
	GlobalSection(SolutionConfigurationPlatforms) = preSolution
		Debug|Any CPU = Debug|Any CPU
		Release|Any CPU = Release|Any CPU
	EndGlobalSection
	GlobalSection(ProjectConfigurationPlatforms) = postSolution
		{A65F0EA2-DA26-4356-AE48-B0175F8DB58D}.Debug|Any CPU.ActiveCfg = Debug|Any CPU
		{A65F0EA2-DA26-4356-AE48-B0175F8DB58D}.Debug|Any CPU.Build.0 = Debug|Any CPU
		{A65F0EA2-DA26-4356-AE48-B0175F8DB58D}.Release|Any CPU.ActiveCfg = Release|Any CPU
		{A65F0EA2-DA26-4356-AE48-B0175F8DB58D}.Release|Any CPU.Build.0 = Release|Any CPU
		{F35DCE63-6C97-42CC-AE9E-BAF57033DD86}.Debug|Any CPU.ActiveCfg = Debug|Any CPU
		{F35DCE63-6C97-42CC-AE9E-BAF57033DD86}.Debug|Any CPU.Build.0 = Debug|Any CPU
		{F35DCE63-6C97-42CC-AE9E-BAF57033DD86}.Release|Any CPU.ActiveCfg = Release|Any CPU
		{F35DCE63-6C97-42CC-AE9E-BAF57033DD86}.Release|Any CPU.Build.0 = Release|Any CPU
		{C5A46577-FC14-4EA4-A6A0-3629DB79521D}.Debug|Any CPU.ActiveCfg = Debug|Any CPU
		{C5A46577-FC14-4EA4-A6A0-3629DB79521D}.Debug|Any CPU.Build.0 = Debug|Any CPU
		{C5A46577-FC14-4EA4-A6A0-3629DB79521D}.Release|Any CPU.ActiveCfg = Release|Any CPU
		{C5A46577-FC14-4EA4-A6A0-3629DB79521D}.Release|Any CPU.Build.0 = Release|Any CPU
		{1ECBA640-F9A3-43DF-88BF-3472D58B871B}.Debug|Any CPU.ActiveCfg = Debug|Any CPU
		{1ECBA640-F9A3-43DF-88BF-3472D58B871B}.Debug|Any CPU.Build.0 = Debug|Any CPU
		{1ECBA640-F9A3-43DF-88BF-3472D58B871B}.Release|Any CPU.ActiveCfg = Release|Any CPU
		{1ECBA640-F9A3-43DF-88BF-3472D58B871B}.Release|Any CPU.Build.0 = Release|Any CPU
		{7BDB76C7-F582-40A0-A994-FB7004FE7AE7}.Debug|Any CPU.ActiveCfg = Debug|Any CPU
		{7BDB76C7-F582-40A0-A994-FB7004FE7AE7}.Debug|Any CPU.Build.0 = Debug|Any CPU
		{7BDB76C7-F582-40A0-A994-FB7004FE7AE7}.Release|Any CPU.ActiveCfg = Release|Any CPU
		{7BDB76C7-F582-40A0-A994-FB7004FE7AE7}.Release|Any CPU.Build.0 = Release|Any CPU
		{79565D03-AB38-4739-B64D-F5FB8C9883BD}.Debug|Any CPU.ActiveCfg = Debug|Any CPU
		{79565D03-AB38-4739-B64D-F5FB8C9883BD}.Debug|Any CPU.Build.0 = Debug|Any CPU
		{79565D03-AB38-4739-B64D-F5FB8C9883BD}.Release|Any CPU.ActiveCfg = Release|Any CPU
		{79565D03-AB38-4739-B64D-F5FB8C9883BD}.Release|Any CPU.Build.0 = Release|Any CPU
		{79A2472D-7263-4614-A053-5CE5C42233B3}.Debug|Any CPU.ActiveCfg = Debug|Any CPU
		{79A2472D-7263-4614-A053-5CE5C42233B3}.Debug|Any CPU.Build.0 = Debug|Any CPU
		{79A2472D-7263-4614-A053-5CE5C42233B3}.Release|Any CPU.ActiveCfg = Release|Any CPU
		{79A2472D-7263-4614-A053-5CE5C42233B3}.Release|Any CPU.Build.0 = Release|Any CPU
		{FF55CEE5-4620-48EB-9761-35830FE19EBB}.Debug|Any CPU.ActiveCfg = Debug|Any CPU
		{FF55CEE5-4620-48EB-9761-35830FE19EBB}.Debug|Any CPU.Build.0 = Debug|Any CPU
		{FF55CEE5-4620-48EB-9761-35830FE19EBB}.Release|Any CPU.ActiveCfg = Release|Any CPU
		{FF55CEE5-4620-48EB-9761-35830FE19EBB}.Release|Any CPU.Build.0 = Release|Any CPU
		{53E3E185-6CB0-4F01-9A53-F8B2A8184148}.Debug|Any CPU.ActiveCfg = Debug|Any CPU
		{53E3E185-6CB0-4F01-9A53-F8B2A8184148}.Debug|Any CPU.Build.0 = Debug|Any CPU
		{53E3E185-6CB0-4F01-9A53-F8B2A8184148}.Release|Any CPU.ActiveCfg = Release|Any CPU
		{53E3E185-6CB0-4F01-9A53-F8B2A8184148}.Release|Any CPU.Build.0 = Release|Any CPU
		{76A69AA0-2159-4A1E-8E88-8E41351DFA41}.Debug|Any CPU.ActiveCfg = Debug|Any CPU
		{76A69AA0-2159-4A1E-8E88-8E41351DFA41}.Debug|Any CPU.Build.0 = Debug|Any CPU
		{76A69AA0-2159-4A1E-8E88-8E41351DFA41}.Release|Any CPU.ActiveCfg = Release|Any CPU
		{76A69AA0-2159-4A1E-8E88-8E41351DFA41}.Release|Any CPU.Build.0 = Release|Any CPU
	EndGlobalSection
	GlobalSection(SolutionProperties) = preSolution
		HideSolutionNode = FALSE
	EndGlobalSection
	GlobalSection(NestedProjects) = preSolution
		{79A2472D-7263-4614-A053-5CE5C42233B3} = {6AD42B6E-3FEE-4D72-AF1C-60961B953690}
		{FF55CEE5-4620-48EB-9761-35830FE19EBB} = {6AD42B6E-3FEE-4D72-AF1C-60961B953690}
		{53E3E185-6CB0-4F01-9A53-F8B2A8184148} = {6AD42B6E-3FEE-4D72-AF1C-60961B953690}
		{76A69AA0-2159-4A1E-8E88-8E41351DFA41} = {6AD42B6E-3FEE-4D72-AF1C-60961B953690}
	EndGlobalSection
	GlobalSection(ExtensibilityGlobals) = postSolution
		SolutionGuid = {13241E84-0F1C-4676-8214-551987D9D2F1}
	EndGlobalSection
EndGlobal
